
Microsoft Visual Studio Solution File, Format Version 12.00
# Visual Studio Version 17
VisualStudioVersion = 17.5.33414.496
MinimumVisualStudioVersion = 10.0.40219.1
Project("{FAE04EC0-301F-11D3-BF4B-00C04F79EFBC}") = "FuncaoRecursivaBinario", "FuncaoRecursivaBinario\FuncaoRecursivaBinario.csproj", "{A54BF58C-0E65-433F-99F8-D69BEFD201B2}"
EndProject
Global
	GlobalSection(SolutionConfigurationPlatforms) = preSolution
		Debug|Any CPU = Debug|Any CPU
		Release|Any CPU = Release|Any CPU
	EndGlobalSection
	GlobalSection(ProjectConfigurationPlatforms) = postSolution
		{A54BF58C-0E65-433F-99F8-D69BEFD201B2}.Debug|Any CPU.ActiveCfg = Debug|Any CPU
		{A54BF58C-0E65-433F-99F8-D69BEFD201B2}.Debug|Any CPU.Build.0 = Debug|Any CPU
		{A54BF58C-0E65-433F-99F8-D69BEFD201B2}.Release|Any CPU.ActiveCfg = Release|Any CPU
		{A54BF58C-0E65-433F-99F8-D69BEFD201B2}.Release|Any CPU.Build.0 = Release|Any CPU
	EndGlobalSection
	GlobalSection(SolutionProperties) = preSolution
		HideSolutionNode = FALSE
	EndGlobalSection
	GlobalSection(ExtensibilityGlobals) = postSolution
		SolutionGuid = {59089437-F309-4E6A-9681-9B99D9668272}
	EndGlobalSection
EndGlobal
